<?xml version="1.0" encoding="utf-8"?>
<Project ToolsVersion="4.0" xmlns="http://schemas.microsoft.com/developer/msbuild/2003">
  <ItemGroup>
    <Filter Include="Source Files">
      <UniqueIdentifier>{4FC737F1-C7A5-4376-A066-2A32D752A2FF}</UniqueIdentifier>
      <Extensions>cpp;c;cc;cxx;def;odl;idl;hpj;bat;asm;asmx</Extensions>
    </Filter>
    <Filter Include="Source Files\geometry">
      <UniqueIdentifier>{1bb88714-0db9-4b15-92eb-e697ff8d034a}</UniqueIdentifier>
    </Filter>
    <Filter Include="Source Files\core">
      <UniqueIdentifier>{f197ab5b-b545-458b-9d3b-60433039d91b}</UniqueIdentifier>
    </Filter>
    <Filter Include="Source Files\integrator">
      <UniqueIdentifier>{c86076b2-ccb0-4540-80d8-d3553a5b1174}</UniqueIdentifier>
    </Filter>
    <Filter Include="Source Files\material">
      <UniqueIdentifier>{c11a97d8-2833-4b4e-bea4-0339eab06b5f}</UniqueIdentifier>
    </Filter>
    <Filter Include="Source Files\microfacet">
      <UniqueIdentifier>{8d2532f6-dea2-4b97-9ad8-6cc7f37489c6}</UniqueIdentifier>
    </Filter>
    <Filter Include="Source Files\xml">
      <UniqueIdentifier>{30c33063-32d7-4aa8-8001-7ad7e8da35ce}</UniqueIdentifier>
    </Filter>
    <Filter Include="Source Files\light">
      <UniqueIdentifier>{21481c0c-db85-40ff-a89e-0c2e55ce4853}</UniqueIdentifier>
    </Filter>
    <Filter Include="Source Files\texture">
      <UniqueIdentifier>{7cf8bc6a-2e4d-46e7-af91-15489d1e9d28}</UniqueIdentifier>
    </Filter>
  </ItemGroup>
  <ItemGroup>
    <ClCompile Include="src\main.cpp">
      <Filter>Source Files</Filter>
    </ClCompile>
    <ClCompile Include="src\geometry\triangle.cpp">
      <Filter>Source Files\geometry</Filter>
    </ClCompile>
    <ClCompile Include="src\geometry\bbox.cpp">
      <Filter>Source Files\geometry</Filter>
    </ClCompile>
    <ClCompile Include="src\geometry\mesh.cpp">
      <Filter>Source Files\geometry</Filter>
    </ClCompile>
    <ClCompile Include="src\geometry\ray.cpp">
      <Filter>Source Files\geometry</Filter>
    </ClCompile>
    <ClCompile Include="src\core\timer.cpp">
      <Filter>Source Files\core</Filter>
    </ClCompile>
    <ClCompile Include="src\core\scene.cpp">
      <Filter>Source Files\core</Filter>
    </ClCompile>
    <ClCompile Include="src\geometry\transformation.cpp">
      <Filter>Source Files\geometry</Filter>
    </ClCompile>
    <ClCompile Include="src\integrator\pathtracer.cpp">
      <Filter>Source Files\integrator</Filter>
    </ClCompile>
    <ClCompile Include="src\light\diffuse_arealight.cpp">
      <Filter>Source Files\light</Filter>
    </ClCompile>
    <ClCompile Include="src\core\discrete_1d_sampler.cpp">
      <Filter>Source Files\core</Filter>
    </ClCompile>
    <ClCompile Include="src\material\lambertian.cpp">
      <Filter>Source Files\material</Filter>
    </ClCompile>
    <ClCompile Include="src\geometry\spherical_coordinate.cpp">
      <Filter>Source Files\geometry</Filter>
    </ClCompile>
    <ClCompile Include="src\core\coordinate_space.cpp">
      <Filter>Source Files\core</Filter>
    </ClCompile>
    <ClCompile Include="src\core\pinhole_camera.cpp">
      <Filter>Source Files\core</Filter>
    </ClCompile>
    <ClCompile Include="src\material\oren_nayar.cpp">
      <Filter>Source Files\material</Filter>
    </ClCompile>
    <ClCompile Include="src\material\metal.cpp">
      <Filter>Source Files\material</Filter>
    </ClCompile>
    <ClCompile Include="src\microfacet\fresnel.cpp">
      <Filter>Source Files\microfacet</Filter>
    </ClCompile>
    <ClCompile Include="src\microfacet\ggx_distribution.cpp">
      <Filter>Source Files\microfacet</Filter>
    </ClCompile>
    <ClCompile Include="src\microfacet\beckmann_distribution.cpp">
      <Filter>Source Files\microfacet</Filter>
    </ClCompile>
    <ClCompile Include="src\core\tonemapper.cpp">
      <Filter>Source Files\core</Filter>
    </ClCompile>
    <ClCompile Include="src\material\dielectric.cpp">
      <Filter>Source Files\material</Filter>
    </ClCompile>
    <ClCompile Include="src\core\filter.cpp">
      <Filter>Source Files\core</Filter>
    </ClCompile>
    <ClCompile Include="src\core\real_sampler.cpp">
      <Filter>Source Files\core</Filter>
    </ClCompile>
    <ClCompile Include="src\core\image.cpp">
      <Filter>Source Files\core</Filter>
    </ClCompile>
    <ClCompile Include="src\geometry\sphere.cpp">
      <Filter>Source Files\geometry</Filter>
    </ClCompile>
    <ClCompile Include="src\core\output.cpp">
      <Filter>Source Files\core</Filter>
    </ClCompile>
    <ClCompile Include="src\xml\node.cpp">
      <Filter>Source Files\xml</Filter>
    </ClCompile>
    <ClCompile Include="src\integrator\integrator.cpp">
      <Filter>Source Files\integrator</Filter>
    </ClCompile>
    <ClCompile Include="src\geometry\object.cpp">
      <Filter>Source Files\geometry</Filter>
    </ClCompile>
    <ClCompile Include="src\material\bsdf_material.cpp">
      <Filter>Source Files\material</Filter>
    </ClCompile>
    <ClCompile Include="src\light\light.cpp">
      <Filter>Source Files\light</Filter>
    </ClCompile>
    <ClCompile Include="src\xml\parser.cpp">
      <Filter>Source Files\xml</Filter>
    </ClCompile>
    <ClCompile Include="src\texture\image_texture.cpp">
      <Filter>Source Files\texture</Filter>
    </ClCompile>
    <ClCompile Include="src\texture\constant_texture.cpp">
      <Filter>Source Files\texture</Filter>
    </ClCompile>
    <ClCompile Include="src\texture\texture.cpp">
      <Filter>Source Files\texture</Filter>
    </ClCompile>
    <ClCompile Include="src\geometry\mapper.cpp">
      <Filter>Source Files\geometry</Filter>
    </ClCompile>
    <ClCompile Include="src\geometry\plane.cpp">
      <Filter>Source Files\geometry</Filter>
    </ClCompile>
    <ClCompile Include="src\light\environment_light.cpp">
      <Filter>Source Files\light</Filter>
    </ClCompile>
    <ClCompile Include="src\core\discrete_2d_sampler.cpp">
      <Filter>Source Files\core</Filter>
    </ClCompile>
    <ClCompile Include="src\texture\checkerboard_3d_texture.cpp">
      <Filter>Source Files\texture</Filter>
    </ClCompile>
    <ClCompile Include="src\texture\checkerboard_2d_texture.cpp">
      <Filter>Source Files\texture</Filter>
    </ClCompile>
    <ClCompile Include="src\light\pointlight.cpp">
      <Filter>Source Files\light</Filter>
    </ClCompile>
    <ClCompile Include="src\texture\perlin_texture.cpp">
      <Filter>Source Files\texture</Filter>
    </ClCompile>
    <ClCompile Include="src\material\smooth_layered.cpp">
      <Filter>Source Files\material</Filter>
    </ClCompile>
  </ItemGroup>
  <ItemGroup>
    <ClInclude Include="src\geometry\triangle.h">
      <Filter>Source Files\geometry</Filter>
    </ClInclude>
    <ClInclude Include="src\geometry\bbox.h">
      <Filter>Source Files\geometry</Filter>
    </ClInclude>
    <ClInclude Include="src\geometry\mesh.h">
      <Filter>Source Files\geometry</Filter>
    </ClInclude>
    <ClInclude Include="src\geometry\ray.h">
      <Filter>Source Files\geometry</Filter>
    </ClInclude>
    <ClInclude Include="src\geometry\bvh.h">
      <Filter>Source Files\geometry</Filter>
    </ClInclude>
    <ClInclude Include="src\core\timer.h">
      <Filter>Source Files\core</Filter>
    </ClInclude>
    <ClInclude Include="src\core\scene.h">
      <Filter>Source Files\core</Filter>
    </ClInclude>
    <ClInclude Include="src\geometry\intersection.h">
      <Filter>Source Files\geometry</Filter>
    </ClInclude>
    <ClInclude Include="src\geometry\transformation.h">
      <Filter>Source Files\geometry</Filter>
    </ClInclude>
    <ClInclude Include="src\integrator\pathtracer.h">
      <Filter>Source Files\integrator</Filter>
    </ClInclude>
    <ClInclude Include="src\light\diffuse_arealight.h">
      <Filter>Source Files\light</Filter>
    </ClInclude>
    <ClInclude Include="src\light\light.h">
      <Filter>Source Files\light</Filter>
    </ClInclude>
    <ClInclude Include="src\core\discrete_1d_sampler.h">
      <Filter>Source Files\core</Filter>
    </ClInclude>
    <ClInclude Include="src\core\real_sampler.h">
      <Filter>Source Files\core</Filter>
    </ClInclude>
    <ClInclude Include="src\material\bsdf_material.h">
      <Filter>Source Files\material</Filter>
    </ClInclude>
    <ClInclude Include="src\material\lambertian.h">
      <Filter>Source Files\material</Filter>
    </ClInclude>
    <ClInclude Include="src\geometry\spherical_coordinate.h">
      <Filter>Source Files\geometry</Filter>
    </ClInclude>
    <ClInclude Include="src\geometry\plane.h">
      <Filter>Source Files\geometry</Filter>
    </ClInclude>
    <ClInclude Include="src\core\coordinate_space.h">
      <Filter>Source Files\core</Filter>
    </ClInclude>
    <ClInclude Include="src\core\pinhole_camera.h">
      <Filter>Source Files\core</Filter>
    </ClInclude>
    <ClInclude Include="src\material\oren_nayar.h">
      <Filter>Source Files\material</Filter>
    </ClInclude>
    <ClInclude Include="src\material\metal.h">
      <Filter>Source Files\material</Filter>
    </ClInclude>
    <ClInclude Include="src\microfacet\fresnel.h">
      <Filter>Source Files\microfacet</Filter>
    </ClInclude>
    <ClInclude Include="src\microfacet\ggx_distribution.h">
      <Filter>Source Files\microfacet</Filter>
    </ClInclude>
    <ClInclude Include="src\microfacet\microfacet_reflection.h">
      <Filter>Source Files\microfacet</Filter>
    </ClInclude>
    <ClInclude Include="src\microfacet\beckmann_distribution.h">
      <Filter>Source Files\microfacet</Filter>
    </ClInclude>
    <ClInclude Include="src\core\tonemapper.h">
      <Filter>Source Files\core</Filter>
    </ClInclude>
    <ClInclude Include="src\material\dielectric.h">
      <Filter>Source Files\material</Filter>
    </ClInclude>
    <ClInclude Include="src\microfacet\microfacet_scattering.h">
      <Filter>Source Files\microfacet</Filter>
    </ClInclude>
    <ClInclude Include="src\integrator\integrator.h">
      <Filter>Source Files\integrator</Filter>
    </ClInclude>
    <ClInclude Include="src\core\forward_decl.h">
      <Filter>Source Files\core</Filter>
    </ClInclude>
    <ClInclude Include="src\core\filter.h">
      <Filter>Source Files\core</Filter>
    </ClInclude>
    <ClInclude Include="src\core\math.h">
      <Filter>Source Files\core</Filter>
    </ClInclude>
    <ClInclude Include="src\core\image.h">
      <Filter>Source Files\core</Filter>
    </ClInclude>
    <ClInclude Include="src\geometry\object.h">
      <Filter>Source Files\geometry</Filter>
    </ClInclude>
    <ClInclude Include="src\geometry\sphere.h">
      <Filter>Source Files\geometry</Filter>
    </ClInclude>
    <ClInclude Include="src\core\output.h">
      <Filter>Source Files\core</Filter>
    </ClInclude>
    <ClInclude Include="src\xml\node.h">
      <Filter>Source Files\xml</Filter>
    </ClInclude>
    <ClInclude Include="src\xml\parser.h">
      <Filter>Source Files\xml</Filter>
    </ClInclude>
    <ClInclude Include="src\texture\image_texture.h">
      <Filter>Source Files\texture</Filter>
    </ClInclude>
    <ClInclude Include="src\texture\texture.h">
      <Filter>Source Files\texture</Filter>
    </ClInclude>
    <ClInclude Include="src\texture\constant_texture.h">
      <Filter>Source Files\texture</Filter>
    </ClInclude>
    <ClInclude Include="src\geometry\mapper.h">
      <Filter>Source Files\geometry</Filter>
    </ClInclude>
    <ClInclude Include="src\light\environment_light.h">
      <Filter>Source Files\light</Filter>
    </ClInclude>
    <ClInclude Include="src\core\discrete_2d_sampler.h">
      <Filter>Source Files\core</Filter>
    </ClInclude>
    <ClInclude Include="src\texture\checkerboard_3d_texture.h">
      <Filter>Source Files\texture</Filter>
    </ClInclude>
    <ClInclude Include="src\texture\checkerboard_2d_texture.h">
      <Filter>Source Files\texture</Filter>
    </ClInclude>
    <ClInclude Include="src\light\pointlight.h">
      <Filter>Source Files\light</Filter>
    </ClInclude>
    <ClInclude Include="src\texture\perlin_texture.h">
      <Filter>Source Files\texture</Filter>
    </ClInclude>
    <ClInclude Include="src\material\smooth_layered.h">
      <Filter>Source Files\material</Filter>
    </ClInclude>
  </ItemGroup>
  <ItemGroup>
    <None Include="src\geometry\bvh.inl">
      <Filter>Source Files\geometry</Filter>
    </None>
    <None Include="src\microfacet\microfacet_reflection.inl">
      <Filter>Source Files\microfacet</Filter>
    </None>
    <None Include="src\microfacet\microfacet_scattering.inl">
      <Filter>Source Files\microfacet</Filter>
    </None>
    <None Include="src\xml\node.inl">
      <Filter>Source Files\xml</Filter>
    </None>
  </ItemGroup>
</Project>